
Microsoft Visual Studio Solution File, Format Version 12.00
# Visual Studio Version 17
VisualStudioVersion = 17.0.32014.148
MinimumVisualStudioVersion = 10.0.40219.1
Project("{E24C65DC-7377-472B-9ABA-BC803B73C61A}") = "ims", "http://localhost/ims", "{309CF3BB-5243-47F9-8974-33F1BFC4857F}"
	ProjectSection(WebsiteProperties) = preProject
		UseIISExpress = "false"
		TargetFrameworkMoniker = ".NETFramework,Version%3Dv4.0"
		ProjectReferences = "{b2041bad-5b8a-43a7-a7e9-13b775f8a4fc}|Sars.Systems.dll;"
		Debug.AspNetCompiler.VirtualPath = "/ims"
		Debug.AspNetCompiler.PhysicalPath = "..\IMS\"
		Debug.AspNetCompiler.TargetPath = "PrecompiledWeb\ims\"
		Debug.AspNetCompiler.Updateable = "true"
		Debug.AspNetCompiler.ForceOverwrite = "true"
		Debug.AspNetCompiler.FixedNames = "false"
		Debug.AspNetCompiler.Debug = "True"
		Release.AspNetCompiler.VirtualPath = "/ims"
		Release.AspNetCompiler.PhysicalPath = "..\IMS\"
		Release.AspNetCompiler.TargetPath = "PrecompiledWeb\ims\"
		Release.AspNetCompiler.Updateable = "true"
		Release.AspNetCompiler.ForceOverwrite = "true"
		Release.AspNetCompiler.FixedNames = "false"
		Release.AspNetCompiler.Debug = "False"
		SlnRelativePath = "..\IMS\"
	EndProjectSection
EndProject
Global
	GlobalSection(SolutionConfigurationPlatforms) = preSolution
		Debug|Any CPU = Debug|Any CPU
		Debug|x64 = Debug|x64
		Release|Any CPU = Release|Any CPU
		Release|x64 = Release|x64
	EndGlobalSection
	GlobalSection(ProjectConfigurationPlatforms) = postSolution
		{309CF3BB-5243-47F9-8974-33F1BFC4857F}.Debug|Any CPU.ActiveCfg = Debug|Any CPU
		{309CF3BB-5243-47F9-8974-33F1BFC4857F}.Debug|Any CPU.Build.0 = Debug|Any CPU
		{309CF3BB-5243-47F9-8974-33F1BFC4857F}.Debug|x64.ActiveCfg = Debug|Any CPU
		{309CF3BB-5243-47F9-8974-33F1BFC4857F}.Debug|x64.Build.0 = Debug|Any CPU
		{309CF3BB-5243-47F9-8974-33F1BFC4857F}.Release|Any CPU.ActiveCfg = Debug|Any CPU
		{309CF3BB-5243-47F9-8974-33F1BFC4857F}.Release|Any CPU.Build.0 = Debug|Any CPU
		{309CF3BB-5243-47F9-8974-33F1BFC4857F}.Release|x64.ActiveCfg = Debug|Any CPU
		{309CF3BB-5243-47F9-8974-33F1BFC4857F}.Release|x64.Build.0 = Debug|Any CPU
	EndGlobalSection
	GlobalSection(SolutionProperties) = preSolution
		HideSolutionNode = FALSE
	EndGlobalSection
	GlobalSection(ExtensibilityGlobals) = postSolution
		SolutionGuid = {D8894F1D-755B-40EF-8E1C-40DE0C8F5CD2}
	EndGlobalSection
EndGlobal
